// !$*UTF8*$!
{
	archiveVersion = 1;
	classes = {
	};
	objectVersion = 50;
	objects = {

/* Begin PBXBuildFile section */
		060E650D22F019270049B6E6 /* AppDelegate.swift in Sources */ = {isa = PBXBuildFile; fileRef = 060E650C22F019270049B6E6 /* AppDelegate.swift */; };
		060E650F22F019270049B6E6 /* ViewController.swift in Sources */ = {isa = PBXBuildFile; fileRef = 060E650E22F019270049B6E6 /* ViewController.swift */; };
		060E651222F019270049B6E6 /* Main.storyboard in Resources */ = {isa = PBXBuildFile; fileRef = 060E651022F019270049B6E6 /* Main.storyboard */; };
		060E651422F019290049B6E6 /* Assets.xcassets in Resources */ = {isa = PBXBuildFile; fileRef = 060E651322F019290049B6E6 /* Assets.xcassets */; };
		060E651722F019290049B6E6 /* LaunchScreen.storyboard in Resources */ = {isa = PBXBuildFile; fileRef = 060E651522F019290049B6E6 /* LaunchScreen.storyboard */; };
		060E655922F97DFE0049B6E6 /* l1.wav in Resources */ = {isa = PBXBuildFile; fileRef = 060E654922F97DFD0049B6E6 /* l1.wav */; };
		060E655A22F97DFE0049B6E6 /* 5.wav in Resources */ = {isa = PBXBuildFile; fileRef = 060E654A22F97DFE0049B6E6 /* 5.wav */; };
		060E655B22F97DFE0049B6E6 /* h5.wav in Resources */ = {isa = PBXBuildFile; fileRef = 060E654B22F97DFE0049B6E6 /* h5.wav */; };
		060E655C22F97DFE0049B6E6 /* h7.wav in Resources */ = {isa = PBXBuildFile; fileRef = 060E654C22F97DFE0049B6E6 /* h7.wav */; };
		060E655D22F97DFE0049B6E6 /* h4.wav in Resources */ = {isa = PBXBuildFile; fileRef = 060E654D22F97DFE0049B6E6 /* h4.wav */; };
		060E655E22F97DFE0049B6E6 /* h6.wav in Resources */ = {isa = PBXBuildFile; fileRef = 060E654E22F97DFE0049B6E6 /* h6.wav */; };
		060E655F22F97DFE0049B6E6 /* 2.wav in Resources */ = {isa = PBXBuildFile; fileRef = 060E654F22F97DFE0049B6E6 /* 2.wav */; };
		060E656022F97DFE0049B6E6 /* 6.wav in Resources */ = {isa = PBXBuildFile; fileRef = 060E655022F97DFE0049B6E6 /* 6.wav */; };
		060E656122F97DFE0049B6E6 /* h3.wav in Resources */ = {isa = PBXBuildFile; fileRef = 060E655122F97DFE0049B6E6 /* h3.wav */; };
		060E656222F97DFE0049B6E6 /* l2.wav in Resources */ = {isa = PBXBuildFile; fileRef = 060E655222F97DFE0049B6E6 /* l2.wav */; };
		060E656322F97DFE0049B6E6 /* h1.wav in Resources */ = {isa = PBXBuildFile; fileRef = 060E655322F97DFE0049B6E6 /* h1.wav */; };
		060E656422F97DFE0049B6E6 /* 7.wav in Resources */ = {isa = PBXBuildFile; fileRef = 060E655422F97DFE0049B6E6 /* 7.wav */; };
		060E656522F97DFE0049B6E6 /* h2.wav in Resources */ = {isa = PBXBuildFile; fileRef = 060E655522F97DFE0049B6E6 /* h2.wav */; };
		060E656622F97DFE0049B6E6 /* 3.wav in Resources */ = {isa = PBXBuildFile; fileRef = 060E655622F97DFE0049B6E6 /* 3.wav */; };
		060E656722F97DFE0049B6E6 /* 4.wav in Resources */ = {isa = PBXBuildFile; fileRef = 060E655722F97DFE0049B6E6 /* 4.wav */; };
		060E656822F97DFE0049B6E6 /* 1.wav in Resources */ = {isa = PBXBuildFile; fileRef = 060E655822F97DFE0049B6E6 /* 1.wav */; };
/* End PBXBuildFile section */

/* Begin PBXFileReference section */
		060E650922F019270049B6E6 /* Key board.app */ = {isa = PBXFileReference; explicitFileType = wrapper.application; includeInIndex = 0; path = "Key board.app"; sourceTree = BUILT_PRODUCTS_DIR; };
		060E650C22F019270049B6E6 /* AppDelegate.swift */ = {isa = PBXFileReference; lastKnownFileType = sourcecode.swift; path = AppDelegate.swift; sourceTree = "<group>"; };
		060E650E22F019270049B6E6 /* ViewController.swift */ = {isa = PBXFileReference; lastKnownFileType = sourcecode.swift; path = ViewController.swift; sourceTree = "<group>"; };
		060E651122F019270049B6E6 /* Base */ = {isa = PBXFileReference; lastKnownFileType = file.storyboard; name = Base; path = Base.lproj/Main.storyboard; sourceTree = "<group>"; };
		060E651322F019290049B6E6 /* Assets.xcassets */ = {isa = PBXFileReference; lastKnownFileType = folder.assetcatalog; path = Assets.xcassets; sourceTree = "<group>"; };
		060E651622F019290049B6E6 /* Base */ = {isa = PBXFileReference; lastKnownFileType = file.storyboard; name = Base; path = Base.lproj/LaunchScreen.storyboard; sourceTree = "<group>"; };
		060E651822F019290049B6E6 /* Info.plist */ = {isa = PBXFileReference; lastKnownFileType = text.plist.xml; path = Info.plist; sourceTree = "<group>"; };
		060E654922F97DFD0049B6E6 /* l1.wav */ = {isa = PBXFileReference; lastKnownFileType = audio.wav; path = l1.wav; sourceTree = "<group>"; };
		060E654A22F97DFE0049B6E6 /* 5.wav */ = {isa = PBXFileReference; lastKnownFileType = audio.wav; path = 5.wav; sourceTree = "<group>"; };
		060E654B22F97DFE0049B6E6 /* h5.wav */ = {isa = PBXFileReference; lastKnownFileType = audio.wav; path = h5.wav; sourceTree = "<group>"; };
		060E654C22F97DFE0049B6E6 /* h7.wav */ = {isa = PBXFileReference; lastKnownFileType = audio.wav; path = h7.wav; sourceTree = "<group>"; };
		060E654D22F97DFE0049B6E6 /* h4.wav */ = {isa = PBXFileReference; lastKnownFileType = audio.wav; path = h4.wav; sourceTree = "<group>"; };
		060E654E22F97DFE0049B6E6 /* h6.wav */ = {isa = PBXFileReference; lastKnownFileType = audio.wav; path = h6.wav; sourceTree = "<group>"; };
		060E654F22F97DFE0049B6E6 /* 2.wav */ = {isa = PBXFileReference; lastKnownFileType = audio.wav; path = 2.wav; sourceTree = "<group>"; };
		060E655022F97DFE0049B6E6 /* 6.wav */ = {isa = PBXFileReference; lastKnownFileType = audio.wav; path = 6.wav; sourceTree = "<group>"; };
		060E655122F97DFE0049B6E6 /* h3.wav */ = {isa = PBXFileReference; lastKnownFileType = audio.wav; path = h3.wav; sourceTree = "<group>"; };
		060E655222F97DFE0049B6E6 /* l2.wav */ = {isa = PBXFileReference; lastKnownFileType = audio.wav; path = l2.wav; sourceTree = "<group>"; };
		060E655322F97DFE0049B6E6 /* h1.wav */ = {isa = PBXFileReference; lastKnownFileType = audio.wav; path = h1.wav; sourceTree = "<group>"; };
		060E655422F97DFE0049B6E6 /* 7.wav */ = {isa = PBXFileReference; lastKnownFileType = audio.wav; path = 7.wav; sourceTree = "<group>"; };
		060E655522F97DFE0049B6E6 /* h2.wav */ = {isa = PBXFileReference; lastKnownFileType = audio.wav; path = h2.wav; sourceTree = "<group>"; };
		060E655622F97DFE0049B6E6 /* 3.wav */ = {isa = PBXFileReference; lastKnownFileType = audio.wav; path = 3.wav; sourceTree = "<group>"; };
		060E655722F97DFE0049B6E6 /* 4.wav */ = {isa = PBXFileReference; lastKnownFileType = audio.wav; path = 4.wav; sourceTree = "<group>"; };
		060E655822F97DFE0049B6E6 /* 1.wav */ = {isa = PBXFileReference; lastKnownFileType = audio.wav; path = 1.wav; sourceTree = "<group>"; };
/* End PBXFileReference section */

/* Begin PBXFrameworksBuildPhase section */
		060E650622F019270049B6E6 /* Frameworks */ = {
			isa = PBXFrameworksBuildPhase;
			buildActionMask = 2147483647;
			files = (
			);
			runOnlyForDeploymentPostprocessing = 0;
		};
/* End PBXFrameworksBuildPhase section */

/* Begin PBXGroup section */
		060E650022F019270049B6E6 = {
			isa = PBXGroup;
			children = (
				060E654822F97DEF0049B6E6 /* Audios */,
				060E650B22F019270049B6E6 /* Key board */,
				060E650A22F019270049B6E6 /* Products */,
			);
			sourceTree = "<group>";
		};
		060E650A22F019270049B6E6 /* Products */ = {
			isa = PBXGroup;
			children = (
				060E650922F019270049B6E6 /* Key board.app */,
			);
			name = Products;
			sourceTree = "<group>";
		};
		060E650B22F019270049B6E6 /* Key board */ = {
			isa = PBXGroup;
			children = (
				060E650C22F019270049B6E6 /* AppDelegate.swift */,
				060E650E22F019270049B6E6 /* ViewController.swift */,
				060E651022F019270049B6E6 /* Main.storyboard */,
				060E651322F019290049B6E6 /* Assets.xcassets */,
				060E651522F019290049B6E6 /* LaunchScreen.storyboard */,
				060E651822F019290049B6E6 /* Info.plist */,
			);
			path = "Key board";
			sourceTree = "<group>";
		};
		060E654822F97DEF0049B6E6 /* Audios */ = {
			isa = PBXGroup;
			children = (
				060E655822F97DFE0049B6E6 /* 1.wav */,
				060E654F22F97DFE0049B6E6 /* 2.wav */,
				060E655622F97DFE0049B6E6 /* 3.wav */,
				060E655722F97DFE0049B6E6 /* 4.wav */,
				060E654A22F97DFE0049B6E6 /* 5.wav */,
				060E655022F97DFE0049B6E6 /* 6.wav */,
				060E655422F97DFE0049B6E6 /* 7.wav */,
				060E655322F97DFE0049B6E6 /* h1.wav */,
				060E655522F97DFE0049B6E6 /* h2.wav */,
				060E655122F97DFE0049B6E6 /* h3.wav */,
				060E654D22F97DFE0049B6E6 /* h4.wav */,
				060E654B22F97DFE0049B6E6 /* h5.wav */,
				060E654E22F97DFE0049B6E6 /* h6.wav */,
				060E654C22F97DFE0049B6E6 /* h7.wav */,
				060E654922F97DFD0049B6E6 /* l1.wav */,
				060E655222F97DFE0049B6E6 /* l2.wav */,
			);
			path = Audios;
			sourceTree = "<group>";
		};
/* End PBXGroup section */

/* Begin PBXNativeTarget section */
		060E650822F019270049B6E6 /* Key board */ = {
			isa = PBXNativeTarget;
			buildConfigurationList = 060E651B22F019290049B6E6 /* Build configuration list for PBXNativeTarget "Key board" */;
			buildPhases = (
				060E650522F019270049B6E6 /* Sources */,
				060E650622F019270049B6E6 /* Frameworks */,
				060E650722F019270049B6E6 /* Resources */,
			);
			buildRules = (
			);
			dependencies = (
			);
			name = "Key board";
			productName = "Key board";
			productReference = 060E650922F019270049B6E6 /* Key board.app */;
			productType = "com.apple.product-type.application";
		};
/* End PBXNativeTarget section */

/* Begin PBXProject section */
		060E650122F019270049B6E6 /* Project object */ = {
			isa = PBXProject;
			attributes = {
				LastSwiftUpdateCheck = 1020;
				LastUpgradeCheck = 1020;
				ORGANIZATIONNAME = "Shashi Kiran Kuppili";
				TargetAttributes = {
					060E650822F019270049B6E6 = {
						CreatedOnToolsVersion = 10.2;
					};
				};
			};
			buildConfigurationList = 060E650422F019270049B6E6 /* Build configuration list for PBXProject "Key board" */;
			compatibilityVersion = "Xcode 9.3";
			developmentRegion = en;
			hasScannedForEncodings = 0;
			knownRegions = (
				en,
				Base,
			);
			mainGroup = 060E650022F019270049B6E6;
			productRefGroup = 060E650A22F019270049B6E6 /* Products */;
			projectDirPath = "";
			projectRoot = "";
			targets = (
				060E650822F019270049B6E6 /* Key board */,
			);
		};
/* End PBXProject section */

/* Begin PBXResourcesBuildPhase section */
		060E650722F019270049B6E6 /* Resources */ = {
			isa = PBXResourcesBuildPhase;
			buildActionMask = 2147483647;
			files = (
				060E656222F97DFE0049B6E6 /* l2.wav in Resources */,
				060E656022F97DFE0049B6E6 /* 6.wav in Resources */,
				060E656122F97DFE0049B6E6 /* h3.wav in Resources */,
				060E656722F97DFE0049B6E6 /* 4.wav in Resources */,
				060E656622F97DFE0049B6E6 /* 3.wav in Resources */,
				060E656422F97DFE0049B6E6 /* 7.wav in Resources */,
				060E655C22F97DFE0049B6E6 /* h7.wav in Resources */,
				060E655E22F97DFE0049B6E6 /* h6.wav in Resources */,
				060E651722F019290049B6E6 /* LaunchScreen.storyboard in Resources */,
				060E656822F97DFE0049B6E6 /* 1.wav in Resources */,
				060E655F22F97DFE0049B6E6 /* 2.wav in Resources */,
				060E651422F019290049B6E6 /* Assets.xcassets in Resources */,
				060E655A22F97DFE0049B6E6 /* 5.wav in Resources */,
				060E651222F019270049B6E6 /* Main.storyboard in Resources */,
				060E655922F97DFE0049B6E6 /* l1.wav in Resources */,
				060E656522F97DFE0049B6E6 /* h2.wav in Resources */,
				060E656322F97DFE0049B6E6 /* h1.wav in Resources */,
				060E655D22F97DFE0049B6E6 /* h4.wav in Resources */,
				060E655B22F97DFE0049B6E6 /* h5.wav in Resources */,
			);
			runOnlyForDeploymentPostprocessing = 0;
		};
/* End PBXResourcesBuildPhase section */

/* Begin PBXSourcesBuildPhase section */
		060E650522F019270049B6E6 /* Sources */ = {
			isa = PBXSourcesBuildPhase;
			buildActionMask = 2147483647;
			files = (
				060E650F22F019270049B6E6 /* ViewController.swift in Sources */,
				060E650D22F019270049B6E6 /* AppDelegate.swift in Sources */,
			);
			runOnlyForDeploymentPostprocessing = 0;
		};
/* End PBXSourcesBuildPhase section */

/* Begin PBXVariantGroup section */
		060E651022F019270049B6E6 /* Main.storyboard */ = {
			isa = PBXVariantGroup;
			children = (
				060E651122F019270049B6E6 /* Base */,
			);
			name = Main.storyboard;
			sourceTree = "<group>";
		};
		060E651522F019290049B6E6 /* LaunchScreen.storyboard */ = {
			isa = PBXVariantGroup;
			children = (
				060E651622F019290049B6E6 /* Base */,
			);
			name = LaunchScreen.storyboard;
			sourceTree = "<group>";
		};
/* End PBXVariantGroup section */

/* Begin XCBuildConfiguration section */
		060E651922F019290049B6E6 /* Debug */ = {
			isa = XCBuildConfiguration;
			buildSettings = {
				ALWAYS_SEARCH_USER_PATHS = NO;
				CLANG_ANALYZER_NONNULL = YES;
				CLANG_ANALYZER_NUMBER_OBJECT_CONVERSION = YES_AGGRESSIVE;
				CLANG_CXX_LANGUAGE_STANDARD = "gnu++14";
				CLANG_CXX_LIBRARY = "libc++";
				CLANG_ENABLE_MODULES = YES;
				CLANG_ENABLE_OBJC_ARC = YES;
				CLANG_ENABLE_OBJC_WEAK = YES;
				CLANG_WARN_BLOCK_CAPTURE_AUTORELEASING = YES;
				CLANG_WARN_BOOL_CONVERSION = YES;
				CLANG_WARN_COMMA = YES;
				CLANG_WARN_CONSTANT_CONVERSION = YES;
				CLANG_WARN_DEPRECATED_OBJC_IMPLEMENTATIONS = YES;
				CLANG_WARN_DIRECT_OBJC_ISA_USAGE = YES_ERROR;
				CLANG_WARN_DOCUMENTATION_COMMENTS = YES;
				CLANG_WARN_EMPTY_BODY = YES;
				CLANG_WARN_ENUM_CONVERSION = YES;
				CLANG_WARN_INFINITE_RECURSION = YES;
				CLANG_WARN_INT_CONVERSION = YES;
				CLANG_WARN_NON_LITERAL_NULL_CONVERSION = YES;
				CLANG_WARN_OBJC_IMPLICIT_RETAIN_SELF = YES;
				CLANG_WARN_OBJC_LITERAL_CONVERSION = YES;
				CLANG_WARN_OBJC_ROOT_CLASS = YES_ERROR;
				CLANG_WARN_RANGE_LOOP_ANALYSIS = YES;
				CLANG_WARN_STRICT_PROTOTYPES = YES;
				CLANG_WARN_SUSPICIOUS_MOVE = YES;
				CLANG_WARN_UNGUARDED_AVAILABILITY = YES_AGGRESSIVE;
				CLANG_WARN_UNREACHABLE_CODE = YES;
				CLANG_WARN__DUPLICATE_METHOD_MATCH = YES;
				CODE_SIGN_IDENTITY = "iPhone Developer";
				COPY_PHASE_STRIP = NO;
				DEBUG_INFORMATION_FORMAT = dwarf;
				ENABLE_STRICT_OBJC_MSGSEND = YES;
				ENABLE_TESTABILITY = YES;
				GCC_C_LANGUAGE_STANDARD = gnu11;
				GCC_DYNAMIC_NO_PIC = NO;
				GCC_NO_COMMON_BLOCKS = YES;
				GCC_OPTIMIZATION_LEVEL = 0;
				GCC_PREPROCESSOR_DEFINITIONS = (
					"DEBUG=1",
					"$(inherited)",
				);
				GCC_WARN_64_TO_32_BIT_CONVERSION = YES;
				GCC_WARN_ABOUT_RETURN_TYPE = YES_ERROR;
				GCC_WARN_UNDECLARED_SELECTOR = YES;
				GCC_WARN_UNINITIALIZED_AUTOS = YES_AGGRESSIVE;
				GCC_WARN_UNUSED_FUNCTION = YES;
				GCC_WARN_UNUSED_VARIABLE = YES;
				IPHONEOS_DEPLOYMENT_TARGET = 12.2;
				MTL_ENABLE_DEBUG_INFO = INCLUDE_SOURCE;
				MTL_FAST_MATH = YES;
				ONLY_ACTIVE_ARCH = YES;
				SDKROOT = iphoneos;
				SWIFT_ACTIVE_COMPILATION_CONDITIONS = DEBUG;
				SWIFT_OPTIMIZATION_LEVEL = "-Onone";
			};
			name = Debug;
		};
		060E651A22F019290049B6E6 /* Release */ = {
			isa = XCBuildConfiguration;
			buildSettings = {
				ALWAYS_SEARCH_USER_PATHS = NO;
				CLANG_ANALYZER_NONNULL = YES;
				CLANG_ANALYZER_NUMBER_OBJECT_CONVERSION = YES_AGGRESSIVE;
				CLANG_CXX_LANGUAGE_STANDARD = "gnu++14";
				CLANG_CXX_LIBRARY = "libc++";
				CLANG_ENABLE_MODULES = YES;
				CLANG_ENABLE_OBJC_ARC = YES;
				CLANG_ENABLE_OBJC_WEAK = YES;
				CLANG_WARN_BLOCK_CAPTURE_AUTORELEASING = YES;
				CLANG_WARN_BOOL_CONVERSION = YES;
				CLANG_WARN_COMMA = YES;
				CLANG_WARN_CONSTANT_CONVERSION = YES;
				CLANG_WARN_DEPRECATED_OBJC_IMPLEMENTATIONS = YES;
				CLANG_WARN_DIRECT_OBJC_ISA_USAGE = YES_ERROR;
				CLANG_WARN_DOCUMENTATION_COMMENTS = YES;
				CLANG_WARN_EMPTY_BODY = YES;
				CLANG_WARN_ENUM_CONVERSION = YES;
				CLANG_WARN_INFINITE_RECURSION = YES;
				CLANG_WARN_INT_CONVERSION = YES;
				CLANG_WARN_NON_LITERAL_NULL_CONVERSION = YES;
				CLANG_WARN_OBJC_IMPLICIT_RETAIN_SELF = YES;
				CLANG_WARN_OBJC_LITERAL_CONVERSION = YES;
				CLANG_WARN_OBJC_ROOT_CLASS = YES_ERROR;
				CLANG_WARN_RANGE_LOOP_ANALYSIS = YES;
				CLANG_WARN_STRICT_PROTOTYPES = YES;
				CLANG_WARN_SUSPICIOUS_MOVE = YES;
				CLANG_WARN_UNGUARDED_AVAILABILITY = YES_AGGRESSIVE;
				CLANG_WARN_UNREACHABLE_CODE = YES;
				CLANG_WARN__DUPLICATE_METHOD_MATCH = YES;
				CODE_SIGN_IDENTITY = "iPhone Developer";
				COPY_PHASE_STRIP = NO;
				DEBUG_INFORMATION_FORMAT = "dwarf-with-dsym";
				ENABLE_NS_ASSERTIONS = NO;
				ENABLE_STRICT_OBJC_MSGSEND = YES;
				GCC_C_LANGUAGE_STANDARD = gnu11;
				GCC_NO_COMMON_BLOCKS = YES;
				GCC_WARN_64_TO_32_BIT_CONVERSION = YES;
				GCC_WARN_ABOUT_RETURN_TYPE = YES_ERROR;
				GCC_WARN_UNDECLARED_SELECTOR = YES;
				GCC_WARN_UNINITIALIZED_AUTOS = YES_AGGRESSIVE;
				GCC_WARN_UNUSED_FUNCTION = YES;
				GCC_WARN_UNUSED_VARIABLE = YES;
				IPHONEOS_DEPLOYMENT_TARGET = 12.2;
				MTL_ENABLE_DEBUG_INFO = NO;
				MTL_FAST_MATH = YES;
				SDKROOT = iphoneos;
				SWIFT_COMPILATION_MODE = wholemodule;
				SWIFT_OPTIMIZATION_LEVEL = "-O";
				VALIDATE_PRODUCT = YES;
			};
			name = Release;
		};
		060E651C22F019290049B6E6 /* Debug */ = {
			isa = XCBuildConfiguration;
			buildSettings = {
				ASSETCATALOG_COMPILER_APPICON_NAME = AppIcon;
				CODE_SIGN_STYLE = Automatic;
				INFOPLIST_FILE = "Key board/Info.plist";
				LD_RUNPATH_SEARCH_PATHS = (
					"$(inherited)",
					"@executable_path/Frameworks",
				);
				PRODUCT_BUNDLE_IDENTIFIER = "com.exilant.Key-board";
				PRODUCT_NAME = "$(TARGET_NAME)";
				SWIFT_VERSION = 5.0;
				TARGETED_DEVICE_FAMILY = "1,2";
			};
			name = Debug;
		};
		060E651D22F019290049B6E6 /* Release */ = {
			isa = XCBuildConfiguration;
			buildSettings = {
				ASSETCATALOG_COMPILER_APPICON_NAME = AppIcon;
				CODE_SIGN_STYLE = Automatic;
				INFOPLIST_FILE = "Key board/Info.plist";
				LD_RUNPATH_SEARCH_PATHS = (
					"$(inherited)",
					"@executable_path/Frameworks",
				);
				PRODUCT_BUNDLE_IDENTIFIER = "com.exilant.Key-board";
				PRODUCT_NAME = "$(TARGET_NAME)";
				SWIFT_VERSION = 5.0;
				TARGETED_DEVICE_FAMILY = "1,2";
			};
			name = Release;
		};
/* End XCBuildConfiguration section */

/* Begin XCConfigurationList section */
		060E650422F019270049B6E6 /* Build configuration list for PBXProject "Key board" */ = {
			isa = XCConfigurationList;
			buildConfigurations = (
				060E651922F019290049B6E6 /* Debug */,
				060E651A22F019290049B6E6 /* Release */,
			);
			defaultConfigurationIsVisible = 0;
			defaultConfigurationName = Release;
		};
		060E651B22F019290049B6E6 /* Build configuration list for PBXNativeTarget "Key board" */ = {
			isa = XCConfigurationList;
			buildConfigurations = (
				060E651C22F019290049B6E6 /* Debug */,
				060E651D22F019290049B6E6 /* Release */,
			);
			defaultConfigurationIsVisible = 0;
			defaultConfigurationName = Release;
		};
/* End XCConfigurationList section */
	};
	rootObject = 060E650122F019270049B6E6 /* Project object */;
}
